
Microsoft Visual Studio Solution File, Format Version 12.00
# Visual Studio Version 17
VisualStudioVersion = 17.3.32825.248
MinimumVisualStudioVersion = 10.0.40219.1
Project("{FAE04EC0-301F-11D3-BF4B-00C04F79EFBC}") = "Project 2", "Project 2.csproj", "{725657DA-19DE-412C-8CF5-4E183592BA0A}"
EndProject
Global
	GlobalSection(SolutionConfigurationPlatforms) = preSolution
		Debug|Any CPU = Debug|Any CPU
		Release|Any CPU = Release|Any CPU
	EndGlobalSection
	GlobalSection(ProjectConfigurationPlatforms) = postSolution
		{725657DA-19DE-412C-8CF5-4E183592BA0A}.Debug|Any CPU.ActiveCfg = Debug|Any CPU
		{725657DA-19DE-412C-8CF5-4E183592BA0A}.Debug|Any CPU.Build.0 = Debug|Any CPU
		{725657DA-19DE-412C-8CF5-4E183592BA0A}.Release|Any CPU.ActiveCfg = Release|Any CPU
		{725657DA-19DE-412C-8CF5-4E183592BA0A}.Release|Any CPU.Build.0 = Release|Any CPU
	EndGlobalSection
	GlobalSection(SolutionProperties) = preSolution
		HideSolutionNode = FALSE
	EndGlobalSection
	GlobalSection(ExtensibilityGlobals) = postSolution
		SolutionGuid = {0FCE9919-58BF-4CF5-8F20-28D476CCF28D}
	EndGlobalSection
EndGlobal
